
Microsoft Visual Studio Solution File, Format Version 12.00
# Visual Studio Version 16
VisualStudioVersion = 16.0.29911.84
MinimumVisualStudioVersion = 10.0.40219.1
Project("{2150E333-8FDC-42A3-9474-1A3956D46DE8}") = "Presentation", "Presentation", "{B82785F7-87B5-45AD-AA18-7B3C121AE677}"
EndProject
Project("{2150E333-8FDC-42A3-9474-1A3956D46DE8}") = "Domain", "Domain", "{9B672BD2-3E7B-4AF0-A9B7-1AFD9D54B02A}"
EndProject
Project("{2150E333-8FDC-42A3-9474-1A3956D46DE8}") = "Infra", "Infra", "{5E57DE83-2B8C-4173-9E89-5235728C5C8B}"
EndProject
Project("{9A19103F-16F7-4668-BE54-9A1E7A4F7556}") = "Icomon.Domain", "Icomon.Domain\Icomon.Domain.csproj", "{81A3CE0D-57F0-4823-8875-C3841F05B73E}"
EndProject
Project("{9A19103F-16F7-4668-BE54-9A1E7A4F7556}") = "Icomon.Infra.IoC", "Icomon.Infra.IoC\Icomon.Infra.IoC.csproj", "{A75C03DF-AC6D-498D-B8C6-473B3882348E}"
EndProject
Project("{9A19103F-16F7-4668-BE54-9A1E7A4F7556}") = "Icomon.Infra.DTO", "Icomon.Infra.DTO\Icomon.Infra.DTO.csproj", "{634616B6-A9CA-45CE-8FCF-930437AE063B}"
EndProject
Project("{2150E333-8FDC-42A3-9474-1A3956D46DE8}") = "Cross", "Cross", "{0C5CBC06-2370-4823-9A8B-1C1F09B0FD4D}"
EndProject
Project("{2150E333-8FDC-42A3-9474-1A3956D46DE8}") = "AutoMapper", "AutoMapper", "{C12666FC-D090-4B41-B10E-4120BE1EA2C2}"
EndProject
Project("{2150E333-8FDC-42A3-9474-1A3956D46DE8}") = "DTO", "DTO", "{14B36066-2129-4EAB-9C4D-CA5D5F531343}"
EndProject
Project("{2150E333-8FDC-42A3-9474-1A3956D46DE8}") = "IOC", "IOC", "{E9554FA6-C666-490F-8034-B9A723FCFBC8}"
EndProject
Project("{2150E333-8FDC-42A3-9474-1A3956D46DE8}") = "Data", "Data", "{BF410EAB-0086-41A6-BB6E-318B89A669D8}"
EndProject
Project("{9A19103F-16F7-4668-BE54-9A1E7A4F7556}") = "Icomon.Infra.AutoMapper", "Icomon.Infra.AutoMapper\Icomon.Infra.AutoMapper.csproj", "{8C1DC1D9-19E8-4087-B786-426A5520FAF8}"
EndProject
Project("{9A19103F-16F7-4668-BE54-9A1E7A4F7556}") = "Icomon.Infra.Data", "Icomon.Infra.Data\Icomon.Infra.Data.csproj", "{7C315732-F18E-4951-8026-0C5880E2F6A0}"
EndProject
Project("{FAE04EC0-301F-11D3-BF4B-00C04F79EFBC}") = "Icomon.Web", "Icomon.Web\Icomon.Web.csproj", "{679E12B8-B859-48AD-BAB4-22447DA2C016}"
EndProject
Global
	GlobalSection(SolutionConfigurationPlatforms) = preSolution
		Debug|Any CPU = Debug|Any CPU
		Release|Any CPU = Release|Any CPU
	EndGlobalSection
	GlobalSection(ProjectConfigurationPlatforms) = postSolution
		{81A3CE0D-57F0-4823-8875-C3841F05B73E}.Debug|Any CPU.ActiveCfg = Debug|Any CPU
		{81A3CE0D-57F0-4823-8875-C3841F05B73E}.Debug|Any CPU.Build.0 = Debug|Any CPU
		{81A3CE0D-57F0-4823-8875-C3841F05B73E}.Release|Any CPU.ActiveCfg = Release|Any CPU
		{81A3CE0D-57F0-4823-8875-C3841F05B73E}.Release|Any CPU.Build.0 = Release|Any CPU
		{A75C03DF-AC6D-498D-B8C6-473B3882348E}.Debug|Any CPU.ActiveCfg = Debug|Any CPU
		{A75C03DF-AC6D-498D-B8C6-473B3882348E}.Debug|Any CPU.Build.0 = Debug|Any CPU
		{A75C03DF-AC6D-498D-B8C6-473B3882348E}.Release|Any CPU.ActiveCfg = Release|Any CPU
		{A75C03DF-AC6D-498D-B8C6-473B3882348E}.Release|Any CPU.Build.0 = Release|Any CPU
		{634616B6-A9CA-45CE-8FCF-930437AE063B}.Debug|Any CPU.ActiveCfg = Debug|Any CPU
		{634616B6-A9CA-45CE-8FCF-930437AE063B}.Debug|Any CPU.Build.0 = Debug|Any CPU
		{634616B6-A9CA-45CE-8FCF-930437AE063B}.Release|Any CPU.ActiveCfg = Release|Any CPU
		{634616B6-A9CA-45CE-8FCF-930437AE063B}.Release|Any CPU.Build.0 = Release|Any CPU
		{8C1DC1D9-19E8-4087-B786-426A5520FAF8}.Debug|Any CPU.ActiveCfg = Debug|Any CPU
		{8C1DC1D9-19E8-4087-B786-426A5520FAF8}.Debug|Any CPU.Build.0 = Debug|Any CPU
		{8C1DC1D9-19E8-4087-B786-426A5520FAF8}.Release|Any CPU.ActiveCfg = Release|Any CPU
		{8C1DC1D9-19E8-4087-B786-426A5520FAF8}.Release|Any CPU.Build.0 = Release|Any CPU
		{7C315732-F18E-4951-8026-0C5880E2F6A0}.Debug|Any CPU.ActiveCfg = Debug|Any CPU
		{7C315732-F18E-4951-8026-0C5880E2F6A0}.Debug|Any CPU.Build.0 = Debug|Any CPU
		{7C315732-F18E-4951-8026-0C5880E2F6A0}.Release|Any CPU.ActiveCfg = Release|Any CPU
		{7C315732-F18E-4951-8026-0C5880E2F6A0}.Release|Any CPU.Build.0 = Release|Any CPU
		{679E12B8-B859-48AD-BAB4-22447DA2C016}.Debug|Any CPU.ActiveCfg = Debug|Any CPU
		{679E12B8-B859-48AD-BAB4-22447DA2C016}.Debug|Any CPU.Build.0 = Debug|Any CPU
		{679E12B8-B859-48AD-BAB4-22447DA2C016}.Release|Any CPU.ActiveCfg = Release|Any CPU
		{679E12B8-B859-48AD-BAB4-22447DA2C016}.Release|Any CPU.Build.0 = Release|Any CPU
	EndGlobalSection
	GlobalSection(SolutionProperties) = preSolution
		HideSolutionNode = FALSE
	EndGlobalSection
	GlobalSection(NestedProjects) = preSolution
		{81A3CE0D-57F0-4823-8875-C3841F05B73E} = {9B672BD2-3E7B-4AF0-A9B7-1AFD9D54B02A}
		{A75C03DF-AC6D-498D-B8C6-473B3882348E} = {E9554FA6-C666-490F-8034-B9A723FCFBC8}
		{634616B6-A9CA-45CE-8FCF-930437AE063B} = {14B36066-2129-4EAB-9C4D-CA5D5F531343}
		{0C5CBC06-2370-4823-9A8B-1C1F09B0FD4D} = {5E57DE83-2B8C-4173-9E89-5235728C5C8B}
		{C12666FC-D090-4B41-B10E-4120BE1EA2C2} = {0C5CBC06-2370-4823-9A8B-1C1F09B0FD4D}
		{14B36066-2129-4EAB-9C4D-CA5D5F531343} = {0C5CBC06-2370-4823-9A8B-1C1F09B0FD4D}
		{E9554FA6-C666-490F-8034-B9A723FCFBC8} = {0C5CBC06-2370-4823-9A8B-1C1F09B0FD4D}
		{BF410EAB-0086-41A6-BB6E-318B89A669D8} = {5E57DE83-2B8C-4173-9E89-5235728C5C8B}
		{8C1DC1D9-19E8-4087-B786-426A5520FAF8} = {C12666FC-D090-4B41-B10E-4120BE1EA2C2}
		{7C315732-F18E-4951-8026-0C5880E2F6A0} = {BF410EAB-0086-41A6-BB6E-318B89A669D8}
		{679E12B8-B859-48AD-BAB4-22447DA2C016} = {B82785F7-87B5-45AD-AA18-7B3C121AE677}
	EndGlobalSection
	GlobalSection(ExtensibilityGlobals) = postSolution
		SolutionGuid = {0D8BC872-1F80-42E0-A614-DA14DA5E5BCD}
	EndGlobalSection
EndGlobal
